
Microsoft Visual Studio Solution File, Format Version 12.00
# Visual Studio 15
VisualStudioVersion = 15.0.28010.2041
MinimumVisualStudioVersion = 10.0.40219.1
Project("{FAE04EC0-301F-11D3-BF4B-00C04F79EFBC}") = "Api", "Api\Api.csproj", "{51AE4AA1-00A8-40B7-AE6D-DE200E172609}"
EndProject
Project("{FAE04EC0-301F-11D3-BF4B-00C04F79EFBC}") = "CommonLibrary", "CommonLibrary\CommonLibrary.csproj", "{D9AA776F-4F87-4649-966E-E50435F5843D}"
EndProject
Project("{FAE04EC0-301F-11D3-BF4B-00C04F79EFBC}") = "Model", "Model\Model.csproj", "{BDFE4306-1B14-42CE-9487-0F64D29EE717}"
EndProject
Project("{FAE04EC0-301F-11D3-BF4B-00C04F79EFBC}") = "Service", "Service\Service.csproj", "{5782B8D5-E065-4A8F-98FE-58B44871C454}"
EndProject
Project("{FAE04EC0-301F-11D3-BF4B-00C04F79EFBC}") = "WeChatLibrary", "WeChatLibrary\WeChatLibrary.csproj", "{614E02F4-BB40-45B1-B2F3-582D3A190C44}"
EndProject
Global
	GlobalSection(SolutionConfigurationPlatforms) = preSolution
		Debug|Any CPU = Debug|Any CPU
		Release|Any CPU = Release|Any CPU
	EndGlobalSection
	GlobalSection(ProjectConfigurationPlatforms) = postSolution
		{51AE4AA1-00A8-40B7-AE6D-DE200E172609}.Debug|Any CPU.ActiveCfg = Debug|Any CPU
		{51AE4AA1-00A8-40B7-AE6D-DE200E172609}.Debug|Any CPU.Build.0 = Debug|Any CPU
		{51AE4AA1-00A8-40B7-AE6D-DE200E172609}.Release|Any CPU.ActiveCfg = Release|Any CPU
		{51AE4AA1-00A8-40B7-AE6D-DE200E172609}.Release|Any CPU.Build.0 = Release|Any CPU
		{D9AA776F-4F87-4649-966E-E50435F5843D}.Debug|Any CPU.ActiveCfg = Debug|Any CPU
		{D9AA776F-4F87-4649-966E-E50435F5843D}.Debug|Any CPU.Build.0 = Debug|Any CPU
		{D9AA776F-4F87-4649-966E-E50435F5843D}.Release|Any CPU.ActiveCfg = Release|Any CPU
		{D9AA776F-4F87-4649-966E-E50435F5843D}.Release|Any CPU.Build.0 = Release|Any CPU
		{BDFE4306-1B14-42CE-9487-0F64D29EE717}.Debug|Any CPU.ActiveCfg = Debug|Any CPU
		{BDFE4306-1B14-42CE-9487-0F64D29EE717}.Debug|Any CPU.Build.0 = Debug|Any CPU
		{BDFE4306-1B14-42CE-9487-0F64D29EE717}.Release|Any CPU.ActiveCfg = Release|Any CPU
		{BDFE4306-1B14-42CE-9487-0F64D29EE717}.Release|Any CPU.Build.0 = Release|Any CPU
		{5782B8D5-E065-4A8F-98FE-58B44871C454}.Debug|Any CPU.ActiveCfg = Debug|Any CPU
		{5782B8D5-E065-4A8F-98FE-58B44871C454}.Debug|Any CPU.Build.0 = Debug|Any CPU
		{5782B8D5-E065-4A8F-98FE-58B44871C454}.Release|Any CPU.ActiveCfg = Release|Any CPU
		{5782B8D5-E065-4A8F-98FE-58B44871C454}.Release|Any CPU.Build.0 = Release|Any CPU
		{614E02F4-BB40-45B1-B2F3-582D3A190C44}.Debug|Any CPU.ActiveCfg = Debug|Any CPU
		{614E02F4-BB40-45B1-B2F3-582D3A190C44}.Debug|Any CPU.Build.0 = Debug|Any CPU
		{614E02F4-BB40-45B1-B2F3-582D3A190C44}.Release|Any CPU.ActiveCfg = Release|Any CPU
		{614E02F4-BB40-45B1-B2F3-582D3A190C44}.Release|Any CPU.Build.0 = Release|Any CPU
	EndGlobalSection
	GlobalSection(SolutionProperties) = preSolution
		HideSolutionNode = FALSE
	EndGlobalSection
	GlobalSection(ExtensibilityGlobals) = postSolution
		SolutionGuid = {7D3C34CD-0D8B-4C9A-A56D-9C782BBC45C0}
	EndGlobalSection
EndGlobal
